
Microsoft Visual Studio Solution File, Format Version 12.00
# Visual Studio Version 16
VisualStudioVersion = 16.0.30128.74
MinimumVisualStudioVersion = 10.0.40219.1
Project("{9A19103F-16F7-4668-BE54-9A1E7A4F7556}") = "Chainblock", "Chainblock\Chainblock.csproj", "{4FC0CB41-6B09-4185-880E-18656E586C55}"
EndProject
Project("{9A19103F-16F7-4668-BE54-9A1E7A4F7556}") = "Chainblock.Tests", "Chainblock.Tests\Chainblock.Tests.csproj", "{BC8DFB67-5505-4510-9E0B-D69499ED0DA7}"
EndProject
Global
	GlobalSection(SolutionConfigurationPlatforms) = preSolution
		Debug|Any CPU = Debug|Any CPU
		Release|Any CPU = Release|Any CPU
	EndGlobalSection
	GlobalSection(ProjectConfigurationPlatforms) = postSolution
		{4FC0CB41-6B09-4185-880E-18656E586C55}.Debug|Any CPU.ActiveCfg = Debug|Any CPU
		{4FC0CB41-6B09-4185-880E-18656E586C55}.Debug|Any CPU.Build.0 = Debug|Any CPU
		{4FC0CB41-6B09-4185-880E-18656E586C55}.Release|Any CPU.ActiveCfg = Release|Any CPU
		{4FC0CB41-6B09-4185-880E-18656E586C55}.Release|Any CPU.Build.0 = Release|Any CPU
		{BC8DFB67-5505-4510-9E0B-D69499ED0DA7}.Debug|Any CPU.ActiveCfg = Debug|Any CPU
		{BC8DFB67-5505-4510-9E0B-D69499ED0DA7}.Debug|Any CPU.Build.0 = Debug|Any CPU
		{BC8DFB67-5505-4510-9E0B-D69499ED0DA7}.Release|Any CPU.ActiveCfg = Release|Any CPU
		{BC8DFB67-5505-4510-9E0B-D69499ED0DA7}.Release|Any CPU.Build.0 = Release|Any CPU
	EndGlobalSection
	GlobalSection(SolutionProperties) = preSolution
		HideSolutionNode = FALSE
	EndGlobalSection
	GlobalSection(ExtensibilityGlobals) = postSolution
		SolutionGuid = {310B0143-EC11-411B-B7C1-8AA74BB7DEAA}
	EndGlobalSection
EndGlobal
