
Microsoft Visual Studio Solution File, Format Version 12.00
# Visual Studio Version 16
VisualStudioVersion = 16.0.30128.74
MinimumVisualStudioVersion = 10.0.40219.1
Project("{FAE04EC0-301F-11D3-BF4B-00C04F79EFBC}") = "Logger", "Logger\Logger.csproj", "{F52C0962-A6E7-40DB-898E-EE945E03A3FC}"
EndProject
Global
	GlobalSection(SolutionConfigurationPlatforms) = preSolution
		Debug|Any CPU = Debug|Any CPU
		Release|Any CPU = Release|Any CPU
	EndGlobalSection
	GlobalSection(ProjectConfigurationPlatforms) = postSolution
		{F52C0962-A6E7-40DB-898E-EE945E03A3FC}.Debug|Any CPU.ActiveCfg = Debug|Any CPU
		{F52C0962-A6E7-40DB-898E-EE945E03A3FC}.Debug|Any CPU.Build.0 = Debug|Any CPU
		{F52C0962-A6E7-40DB-898E-EE945E03A3FC}.Release|Any CPU.ActiveCfg = Release|Any CPU
		{F52C0962-A6E7-40DB-898E-EE945E03A3FC}.Release|Any CPU.Build.0 = Release|Any CPU
	EndGlobalSection
	GlobalSection(SolutionProperties) = preSolution
		HideSolutionNode = FALSE
	EndGlobalSection
	GlobalSection(ExtensibilityGlobals) = postSolution
		SolutionGuid = {3C6613BA-F8A6-4F98-80F1-24F1161025BC}
	EndGlobalSection
EndGlobal
