
Microsoft Visual Studio Solution File, Format Version 12.00
# Visual Studio Version 16
VisualStudioVersion = 16.0.30128.74
MinimumVisualStudioVersion = 10.0.40219.1
Project("{FAE04EC0-301F-11D3-BF4B-00C04F79EFBC}") = "MathOperation", "MathOperation\MathOperation.csproj", "{B6C3F68C-155D-4F18-BB0C-2C95431A3D37}"
EndProject
Project("{FAE04EC0-301F-11D3-BF4B-00C04F79EFBC}") = "Animals", "Animals\Animals.csproj", "{4DA0F1DF-0409-42F0-A8A6-CECFCDEC3A5F}"
EndProject
Project("{FAE04EC0-301F-11D3-BF4B-00C04F79EFBC}") = "Shapes", "Shapes\Shapes.csproj", "{1EC7A419-A0CB-412B-B9C7-8EB7666DC4AB}"
EndProject
Global
	GlobalSection(SolutionConfigurationPlatforms) = preSolution
		Debug|Any CPU = Debug|Any CPU
		Release|Any CPU = Release|Any CPU
	EndGlobalSection
	GlobalSection(ProjectConfigurationPlatforms) = postSolution
		{B6C3F68C-155D-4F18-BB0C-2C95431A3D37}.Debug|Any CPU.ActiveCfg = Debug|Any CPU
		{B6C3F68C-155D-4F18-BB0C-2C95431A3D37}.Debug|Any CPU.Build.0 = Debug|Any CPU
		{B6C3F68C-155D-4F18-BB0C-2C95431A3D37}.Release|Any CPU.ActiveCfg = Release|Any CPU
		{B6C3F68C-155D-4F18-BB0C-2C95431A3D37}.Release|Any CPU.Build.0 = Release|Any CPU
		{4DA0F1DF-0409-42F0-A8A6-CECFCDEC3A5F}.Debug|Any CPU.ActiveCfg = Debug|Any CPU
		{4DA0F1DF-0409-42F0-A8A6-CECFCDEC3A5F}.Debug|Any CPU.Build.0 = Debug|Any CPU
		{4DA0F1DF-0409-42F0-A8A6-CECFCDEC3A5F}.Release|Any CPU.ActiveCfg = Release|Any CPU
		{4DA0F1DF-0409-42F0-A8A6-CECFCDEC3A5F}.Release|Any CPU.Build.0 = Release|Any CPU
		{1EC7A419-A0CB-412B-B9C7-8EB7666DC4AB}.Debug|Any CPU.ActiveCfg = Debug|Any CPU
		{1EC7A419-A0CB-412B-B9C7-8EB7666DC4AB}.Debug|Any CPU.Build.0 = Debug|Any CPU
		{1EC7A419-A0CB-412B-B9C7-8EB7666DC4AB}.Release|Any CPU.ActiveCfg = Release|Any CPU
		{1EC7A419-A0CB-412B-B9C7-8EB7666DC4AB}.Release|Any CPU.Build.0 = Release|Any CPU
	EndGlobalSection
	GlobalSection(SolutionProperties) = preSolution
		HideSolutionNode = FALSE
	EndGlobalSection
	GlobalSection(ExtensibilityGlobals) = postSolution
		SolutionGuid = {F34B1BA9-EC11-40D7-8D84-725FDBD495B5}
	EndGlobalSection
EndGlobal
