
Microsoft Visual Studio Solution File, Format Version 12.00
# Visual Studio Version 16
VisualStudioVersion = 16.0.30128.74
MinimumVisualStudioVersion = 10.0.40219.1
Project("{9A19103F-16F7-4668-BE54-9A1E7A4F7556}") = "ValidationAttributes", "ValidationAttributes\ValidationAttributes.csproj", "{D57AC791-58B7-466D-8852-149E28F46E0E}"
EndProject
Project("{9A19103F-16F7-4668-BE54-9A1E7A4F7556}") = "CommandPattern", "CommandPattern\CommandPattern.csproj", "{4FEDF862-98B7-4C3A-93D4-5DAE61EC8DC5}"
EndProject
Global
	GlobalSection(SolutionConfigurationPlatforms) = preSolution
		Debug|Any CPU = Debug|Any CPU
		Release|Any CPU = Release|Any CPU
	EndGlobalSection
	GlobalSection(ProjectConfigurationPlatforms) = postSolution
		{D57AC791-58B7-466D-8852-149E28F46E0E}.Debug|Any CPU.ActiveCfg = Debug|Any CPU
		{D57AC791-58B7-466D-8852-149E28F46E0E}.Debug|Any CPU.Build.0 = Debug|Any CPU
		{D57AC791-58B7-466D-8852-149E28F46E0E}.Release|Any CPU.ActiveCfg = Release|Any CPU
		{D57AC791-58B7-466D-8852-149E28F46E0E}.Release|Any CPU.Build.0 = Release|Any CPU
		{4FEDF862-98B7-4C3A-93D4-5DAE61EC8DC5}.Debug|Any CPU.ActiveCfg = Debug|Any CPU
		{4FEDF862-98B7-4C3A-93D4-5DAE61EC8DC5}.Debug|Any CPU.Build.0 = Debug|Any CPU
		{4FEDF862-98B7-4C3A-93D4-5DAE61EC8DC5}.Release|Any CPU.ActiveCfg = Release|Any CPU
		{4FEDF862-98B7-4C3A-93D4-5DAE61EC8DC5}.Release|Any CPU.Build.0 = Release|Any CPU
	EndGlobalSection
	GlobalSection(SolutionProperties) = preSolution
		HideSolutionNode = FALSE
	EndGlobalSection
	GlobalSection(ExtensibilityGlobals) = postSolution
		SolutionGuid = {D3358C8A-CDA0-45C9-B17B-7BB423F60ACF}
	EndGlobalSection
EndGlobal
