
Microsoft Visual Studio Solution File, Format Version 12.00
# Visual Studio Version 16
VisualStudioVersion = 16.0.30128.74
MinimumVisualStudioVersion = 10.0.40219.1
Project("{9A19103F-16F7-4668-BE54-9A1E7A4F7556}") = "INStock", "INStock\INStock.csproj", "{8CCD0939-0954-4297-9F9C-FC1626BFABBC}"
EndProject
Project("{9A19103F-16F7-4668-BE54-9A1E7A4F7556}") = "INStock.Tests", "INStock.Tests\INStock.Tests.csproj", "{A51F8BFB-786F-4701-96D4-1408C252D395}"
EndProject
Global
	GlobalSection(SolutionConfigurationPlatforms) = preSolution
		Debug|Any CPU = Debug|Any CPU
		Release|Any CPU = Release|Any CPU
	EndGlobalSection
	GlobalSection(ProjectConfigurationPlatforms) = postSolution
		{8CCD0939-0954-4297-9F9C-FC1626BFABBC}.Debug|Any CPU.ActiveCfg = Debug|Any CPU
		{8CCD0939-0954-4297-9F9C-FC1626BFABBC}.Debug|Any CPU.Build.0 = Debug|Any CPU
		{8CCD0939-0954-4297-9F9C-FC1626BFABBC}.Release|Any CPU.ActiveCfg = Release|Any CPU
		{8CCD0939-0954-4297-9F9C-FC1626BFABBC}.Release|Any CPU.Build.0 = Release|Any CPU
		{A51F8BFB-786F-4701-96D4-1408C252D395}.Debug|Any CPU.ActiveCfg = Debug|Any CPU
		{A51F8BFB-786F-4701-96D4-1408C252D395}.Debug|Any CPU.Build.0 = Debug|Any CPU
		{A51F8BFB-786F-4701-96D4-1408C252D395}.Release|Any CPU.ActiveCfg = Release|Any CPU
		{A51F8BFB-786F-4701-96D4-1408C252D395}.Release|Any CPU.Build.0 = Release|Any CPU
	EndGlobalSection
	GlobalSection(SolutionProperties) = preSolution
		HideSolutionNode = FALSE
	EndGlobalSection
	GlobalSection(ExtensibilityGlobals) = postSolution
		SolutionGuid = {233ACE7F-2E42-47E0-BAA4-50390D7A4033}
	EndGlobalSection
EndGlobal
